
Microsoft Visual Studio Solution File, Format Version 12.00
# Visual Studio Version 17
VisualStudioVersion = 17.0.31903.59
MinimumVisualStudioVersion = 10.0.40219.1
Project("{9A19103F-16F7-4668-BE54-9A1E7A4F7556}") = "UtilizingStorageQueue", "UtilizingStorageQueue\UtilizingStorageQueue.csproj", "{64D38047-8CB9-477A-8F19-776A83CD8824}"
EndProject
Project("{9A19103F-16F7-4668-BE54-9A1E7A4F7556}") = "MySolutionObjectModels", "MySolutionObjectModels\MySolutionObjectModels.csproj", "{2E6C259B-3047-4D0C-8E36-32C181056176}"
EndProject
Global
	GlobalSection(SolutionConfigurationPlatforms) = preSolution
		Debug|Any CPU = Debug|Any CPU
		Release|Any CPU = Release|Any CPU
	EndGlobalSection
	GlobalSection(ProjectConfigurationPlatforms) = postSolution
		{64D38047-8CB9-477A-8F19-776A83CD8824}.Debug|Any CPU.ActiveCfg = Debug|Any CPU
		{64D38047-8CB9-477A-8F19-776A83CD8824}.Debug|Any CPU.Build.0 = Debug|Any CPU
		{64D38047-8CB9-477A-8F19-776A83CD8824}.Release|Any CPU.ActiveCfg = Release|Any CPU
		{64D38047-8CB9-477A-8F19-776A83CD8824}.Release|Any CPU.Build.0 = Release|Any CPU
		{2E6C259B-3047-4D0C-8E36-32C181056176}.Debug|Any CPU.ActiveCfg = Debug|Any CPU
		{2E6C259B-3047-4D0C-8E36-32C181056176}.Debug|Any CPU.Build.0 = Debug|Any CPU
		{2E6C259B-3047-4D0C-8E36-32C181056176}.Release|Any CPU.ActiveCfg = Release|Any CPU
		{2E6C259B-3047-4D0C-8E36-32C181056176}.Release|Any CPU.Build.0 = Release|Any CPU
	EndGlobalSection
	GlobalSection(SolutionProperties) = preSolution
		HideSolutionNode = FALSE
	EndGlobalSection
	GlobalSection(ExtensibilityGlobals) = postSolution
		SolutionGuid = {E10BF64B-0E7C-4C3B-9B4A-3E12E240852E}
	EndGlobalSection
EndGlobal
